
Microsoft Visual Studio Solution File, Format Version 12.00
# Visual Studio Version 16
VisualStudioVersion = 16.0.31729.503
MinimumVisualStudioVersion = 10.0.40219.1
Project("{FAE04EC0-301F-11D3-BF4B-00C04F79EFBC}") = "Generator", "Generator\Generator.csproj", "{025AF0AC-4B9A-4C66-BCAE-EE13BE37B9A9}"
EndProject
Global
	GlobalSection(SolutionConfigurationPlatforms) = preSolution
		Debug|Any CPU = Debug|Any CPU
		Release|Any CPU = Release|Any CPU
	EndGlobalSection
	GlobalSection(ProjectConfigurationPlatforms) = postSolution
		{025AF0AC-4B9A-4C66-BCAE-EE13BE37B9A9}.Debug|Any CPU.ActiveCfg = Debug|Any CPU
		{025AF0AC-4B9A-4C66-BCAE-EE13BE37B9A9}.Debug|Any CPU.Build.0 = Debug|Any CPU
		{025AF0AC-4B9A-4C66-BCAE-EE13BE37B9A9}.Release|Any CPU.ActiveCfg = Release|Any CPU
		{025AF0AC-4B9A-4C66-BCAE-EE13BE37B9A9}.Release|Any CPU.Build.0 = Release|Any CPU
	EndGlobalSection
	GlobalSection(SolutionProperties) = preSolution
		HideSolutionNode = FALSE
	EndGlobalSection
	GlobalSection(ExtensibilityGlobals) = postSolution
		SolutionGuid = {1FB2A1EB-00FD-4EEF-84C0-7A0A9F7E71BE}
	EndGlobalSection
EndGlobal
